
Microsoft Visual Studio Solution File, Format Version 12.00
# Visual Studio Version 17
VisualStudioVersion = 17.7.34202.233
MinimumVisualStudioVersion = 10.0.40219.1
Project("{FAE04EC0-301F-11D3-BF4B-00C04F79EFBC}") = "questao3", "questao3.csproj", "{D97EDBE2-1B39-4DA6-9121-7B22E795AE74}"
EndProject
Global
	GlobalSection(SolutionConfigurationPlatforms) = preSolution
		Debug|Any CPU = Debug|Any CPU
		Release|Any CPU = Release|Any CPU
	EndGlobalSection
	GlobalSection(ProjectConfigurationPlatforms) = postSolution
		{D97EDBE2-1B39-4DA6-9121-7B22E795AE74}.Debug|Any CPU.ActiveCfg = Debug|Any CPU
		{D97EDBE2-1B39-4DA6-9121-7B22E795AE74}.Debug|Any CPU.Build.0 = Debug|Any CPU
		{D97EDBE2-1B39-4DA6-9121-7B22E795AE74}.Release|Any CPU.ActiveCfg = Release|Any CPU
		{D97EDBE2-1B39-4DA6-9121-7B22E795AE74}.Release|Any CPU.Build.0 = Release|Any CPU
	EndGlobalSection
	GlobalSection(SolutionProperties) = preSolution
		HideSolutionNode = FALSE
	EndGlobalSection
	GlobalSection(ExtensibilityGlobals) = postSolution
		SolutionGuid = {1B24FC06-74C5-4C1A-93C5-6616F8CC7F6F}
	EndGlobalSection
EndGlobal
