
Microsoft Visual Studio Solution File, Format Version 12.00
# Visual Studio Version 17
VisualStudioVersion = 17.7.34202.233
MinimumVisualStudioVersion = 10.0.40219.1
Project("{FAE04EC0-301F-11D3-BF4B-00C04F79EFBC}") = "questao9", "questao9.csproj", "{7EC8DF47-920B-47D7-A9B9-F8411756BEAD}"
EndProject
Global
	GlobalSection(SolutionConfigurationPlatforms) = preSolution
		Debug|Any CPU = Debug|Any CPU
		Release|Any CPU = Release|Any CPU
	EndGlobalSection
	GlobalSection(ProjectConfigurationPlatforms) = postSolution
		{7EC8DF47-920B-47D7-A9B9-F8411756BEAD}.Debug|Any CPU.ActiveCfg = Debug|Any CPU
		{7EC8DF47-920B-47D7-A9B9-F8411756BEAD}.Debug|Any CPU.Build.0 = Debug|Any CPU
		{7EC8DF47-920B-47D7-A9B9-F8411756BEAD}.Release|Any CPU.ActiveCfg = Release|Any CPU
		{7EC8DF47-920B-47D7-A9B9-F8411756BEAD}.Release|Any CPU.Build.0 = Release|Any CPU
	EndGlobalSection
	GlobalSection(SolutionProperties) = preSolution
		HideSolutionNode = FALSE
	EndGlobalSection
	GlobalSection(ExtensibilityGlobals) = postSolution
		SolutionGuid = {2CA8C57C-AF45-477B-8BAE-2306C9DA65AD}
	EndGlobalSection
EndGlobal
