
Microsoft Visual Studio Solution File, Format Version 12.00
# Visual Studio Version 17
VisualStudioVersion = 17.7.34202.233
MinimumVisualStudioVersion = 10.0.40219.1
Project("{FAE04EC0-301F-11D3-BF4B-00C04F79EFBC}") = "questao7", "questao7.csproj", "{618E64E0-526A-4AEE-B9B5-94F60B6AECF8}"
EndProject
Global
	GlobalSection(SolutionConfigurationPlatforms) = preSolution
		Debug|Any CPU = Debug|Any CPU
		Release|Any CPU = Release|Any CPU
	EndGlobalSection
	GlobalSection(ProjectConfigurationPlatforms) = postSolution
		{618E64E0-526A-4AEE-B9B5-94F60B6AECF8}.Debug|Any CPU.ActiveCfg = Debug|Any CPU
		{618E64E0-526A-4AEE-B9B5-94F60B6AECF8}.Debug|Any CPU.Build.0 = Debug|Any CPU
		{618E64E0-526A-4AEE-B9B5-94F60B6AECF8}.Release|Any CPU.ActiveCfg = Release|Any CPU
		{618E64E0-526A-4AEE-B9B5-94F60B6AECF8}.Release|Any CPU.Build.0 = Release|Any CPU
	EndGlobalSection
	GlobalSection(SolutionProperties) = preSolution
		HideSolutionNode = FALSE
	EndGlobalSection
	GlobalSection(ExtensibilityGlobals) = postSolution
		SolutionGuid = {20117FE7-92EF-452B-9721-03746245AF11}
	EndGlobalSection
EndGlobal
