
Microsoft Visual Studio Solution File, Format Version 12.00
# Visual Studio Version 17
VisualStudioVersion = 17.7.34202.233
MinimumVisualStudioVersion = 10.0.40219.1
Project("{FAE04EC0-301F-11D3-BF4B-00C04F79EFBC}") = "questao2", "questao2.csproj", "{055E8395-F59E-4A32-AF7D-742BFFC60A52}"
EndProject
Global
	GlobalSection(SolutionConfigurationPlatforms) = preSolution
		Debug|Any CPU = Debug|Any CPU
		Release|Any CPU = Release|Any CPU
	EndGlobalSection
	GlobalSection(ProjectConfigurationPlatforms) = postSolution
		{055E8395-F59E-4A32-AF7D-742BFFC60A52}.Debug|Any CPU.ActiveCfg = Debug|Any CPU
		{055E8395-F59E-4A32-AF7D-742BFFC60A52}.Debug|Any CPU.Build.0 = Debug|Any CPU
		{055E8395-F59E-4A32-AF7D-742BFFC60A52}.Release|Any CPU.ActiveCfg = Release|Any CPU
		{055E8395-F59E-4A32-AF7D-742BFFC60A52}.Release|Any CPU.Build.0 = Release|Any CPU
	EndGlobalSection
	GlobalSection(SolutionProperties) = preSolution
		HideSolutionNode = FALSE
	EndGlobalSection
	GlobalSection(ExtensibilityGlobals) = postSolution
		SolutionGuid = {DA67D5D8-7983-413B-8766-78707B46E4AE}
	EndGlobalSection
EndGlobal
