
Microsoft Visual Studio Solution File, Format Version 12.00
# Visual Studio Version 17
VisualStudioVersion = 17.7.34202.233
MinimumVisualStudioVersion = 10.0.40219.1
Project("{FAE04EC0-301F-11D3-BF4B-00C04F79EFBC}") = "questao6", "questao6.csproj", "{D32091A4-D42C-4F7B-B7A4-CF8B2055AFDA}"
EndProject
Global
	GlobalSection(SolutionConfigurationPlatforms) = preSolution
		Debug|Any CPU = Debug|Any CPU
		Release|Any CPU = Release|Any CPU
	EndGlobalSection
	GlobalSection(ProjectConfigurationPlatforms) = postSolution
		{D32091A4-D42C-4F7B-B7A4-CF8B2055AFDA}.Debug|Any CPU.ActiveCfg = Debug|Any CPU
		{D32091A4-D42C-4F7B-B7A4-CF8B2055AFDA}.Debug|Any CPU.Build.0 = Debug|Any CPU
		{D32091A4-D42C-4F7B-B7A4-CF8B2055AFDA}.Release|Any CPU.ActiveCfg = Release|Any CPU
		{D32091A4-D42C-4F7B-B7A4-CF8B2055AFDA}.Release|Any CPU.Build.0 = Release|Any CPU
	EndGlobalSection
	GlobalSection(SolutionProperties) = preSolution
		HideSolutionNode = FALSE
	EndGlobalSection
	GlobalSection(ExtensibilityGlobals) = postSolution
		SolutionGuid = {ADCB8F20-BB78-4C43-9939-6672DF5CC974}
	EndGlobalSection
EndGlobal
